
Microsoft Visual Studio Solution File, Format Version 12.00
# Visual Studio Version 17
VisualStudioVersion = 17.0.32112.339
MinimumVisualStudioVersion = 10.0.40219.1
Project("{9A19103F-16F7-4668-BE54-9A1E7A4F7556}") = "Rest", "Rest\Rest.csproj", "{2446E93A-1D5A-4580-AF0D-A9D64246FAD1}"
EndProject
Project("{FAE04EC0-301F-11D3-BF4B-00C04F79EFBC}") = "SoapDemo", "SoapDemo\SoapDemo.csproj", "{228F5140-749C-4D5F-B6D2-A4268219471E}"
EndProject
Project("{FAE04EC0-301F-11D3-BF4B-00C04F79EFBC}") = "TestConnectRest", "TestConnectRest\TestConnectRest.csproj", "{4A9874E5-A59F-4B56-AC18-A2A1A63154A7}"
EndProject
Project("{FAE04EC0-301F-11D3-BF4B-00C04F79EFBC}") = "TestConnectSoap", "TestConnectSoap\TestConnectSoap.csproj", "{C0E0CF9C-19D4-413C-B27C-8525FE98EC51}"
EndProject
Global
	GlobalSection(SolutionConfigurationPlatforms) = preSolution
		Debug|Any CPU = Debug|Any CPU
		Release|Any CPU = Release|Any CPU
	EndGlobalSection
	GlobalSection(ProjectConfigurationPlatforms) = postSolution
		{2446E93A-1D5A-4580-AF0D-A9D64246FAD1}.Debug|Any CPU.ActiveCfg = Debug|Any CPU
		{2446E93A-1D5A-4580-AF0D-A9D64246FAD1}.Debug|Any CPU.Build.0 = Debug|Any CPU
		{2446E93A-1D5A-4580-AF0D-A9D64246FAD1}.Release|Any CPU.ActiveCfg = Release|Any CPU
		{2446E93A-1D5A-4580-AF0D-A9D64246FAD1}.Release|Any CPU.Build.0 = Release|Any CPU
		{228F5140-749C-4D5F-B6D2-A4268219471E}.Debug|Any CPU.ActiveCfg = Debug|Any CPU
		{228F5140-749C-4D5F-B6D2-A4268219471E}.Debug|Any CPU.Build.0 = Debug|Any CPU
		{228F5140-749C-4D5F-B6D2-A4268219471E}.Release|Any CPU.ActiveCfg = Release|Any CPU
		{228F5140-749C-4D5F-B6D2-A4268219471E}.Release|Any CPU.Build.0 = Release|Any CPU
		{4A9874E5-A59F-4B56-AC18-A2A1A63154A7}.Debug|Any CPU.ActiveCfg = Debug|Any CPU
		{4A9874E5-A59F-4B56-AC18-A2A1A63154A7}.Debug|Any CPU.Build.0 = Debug|Any CPU
		{4A9874E5-A59F-4B56-AC18-A2A1A63154A7}.Release|Any CPU.ActiveCfg = Release|Any CPU
		{4A9874E5-A59F-4B56-AC18-A2A1A63154A7}.Release|Any CPU.Build.0 = Release|Any CPU
		{C0E0CF9C-19D4-413C-B27C-8525FE98EC51}.Debug|Any CPU.ActiveCfg = Debug|Any CPU
		{C0E0CF9C-19D4-413C-B27C-8525FE98EC51}.Debug|Any CPU.Build.0 = Debug|Any CPU
		{C0E0CF9C-19D4-413C-B27C-8525FE98EC51}.Release|Any CPU.ActiveCfg = Release|Any CPU
		{C0E0CF9C-19D4-413C-B27C-8525FE98EC51}.Release|Any CPU.Build.0 = Release|Any CPU
	EndGlobalSection
	GlobalSection(SolutionProperties) = preSolution
		HideSolutionNode = FALSE
	EndGlobalSection
	GlobalSection(ExtensibilityGlobals) = postSolution
		SolutionGuid = {1CC0B837-116A-4804-8909-26A5214B43EE}
	EndGlobalSection
EndGlobal
